{
  "pins" : [
    {
      "identity" : "swift-sovereign-states",
      "kind" : "remoteSourceControl",
      "location" : "https://github.com/RandomHashTags/swift-sovereign-states.git",
      "state" : {
        "branch" : "main",
        "revision" : "565e449d12c6e66b6112e820c42d62dbb42f4d54"
      }
    }
  ],
  "version" : 2
}
