{
  "pins" : [
    {
      "identity" : "swift-sovereign-states",
      "kind" : "remoteSourceControl",
      "location" : "https://github.com/RandomHashTags/swift-sovereign-states.git",
      "state" : {
        "branch" : "main",
        "revision" : "00d5a9ab32667b7c5174959ccc71ff5a5cd590ab"
      }
    }
  ],
  "version" : 2
}
